
Microsoft Visual Studio Solution File, Format Version 11.00
# Visual Studio 2010
Project("{8BC9CEB8-8B4A-11D0-8D11-00A0C91BC942}") = "SeniorDesign_1", "SeniorDesign_1\SeniorDesign_1.vcxproj", "{B343DA56-2D24-4718-8EAB-DA598AACE0DE}"
EndProject
Project("{8BC9CEB8-8B4A-11D0-8D11-00A0C91BC942}") = "ClientDLL", "ClientDLL\ClientDLL.vcxproj", "{FC24ADB9-7183-4A72-A20C-B67010B71C90}"
EndProject
Project("{8BC9CEB8-8B4A-11D0-8D11-00A0C91BC942}") = "kiss_fftr_static", "kiss_fftr_static\kiss_fftr_static\kiss_fftr_static.vcxproj", "{C1D59460-590D-4985-890E-8A65FD405C0F}"
EndProject
Global
	GlobalSection(SolutionConfigurationPlatforms) = preSolution
		Debug|Win32 = Debug|Win32
		Release|Win32 = Release|Win32
	EndGlobalSection
	GlobalSection(ProjectConfigurationPlatforms) = postSolution
		{B343DA56-2D24-4718-8EAB-DA598AACE0DE}.Debug|Win32.ActiveCfg = Debug|Win32
		{B343DA56-2D24-4718-8EAB-DA598AACE0DE}.Debug|Win32.Build.0 = Debug|Win32
		{B343DA56-2D24-4718-8EAB-DA598AACE0DE}.Release|Win32.ActiveCfg = Release|Win32
		{B343DA56-2D24-4718-8EAB-DA598AACE0DE}.Release|Win32.Build.0 = Release|Win32
		{FC24ADB9-7183-4A72-A20C-B67010B71C90}.Debug|Win32.ActiveCfg = Debug|Win32
		{FC24ADB9-7183-4A72-A20C-B67010B71C90}.Debug|Win32.Build.0 = Debug|Win32
		{FC24ADB9-7183-4A72-A20C-B67010B71C90}.Release|Win32.ActiveCfg = Release|Win32
		{FC24ADB9-7183-4A72-A20C-B67010B71C90}.Release|Win32.Build.0 = Release|Win32
		{C1D59460-590D-4985-890E-8A65FD405C0F}.Debug|Win32.ActiveCfg = Debug|Win32
		{C1D59460-590D-4985-890E-8A65FD405C0F}.Debug|Win32.Build.0 = Debug|Win32
		{C1D59460-590D-4985-890E-8A65FD405C0F}.Release|Win32.ActiveCfg = Release|Win32
		{C1D59460-590D-4985-890E-8A65FD405C0F}.Release|Win32.Build.0 = Release|Win32
	EndGlobalSection
	GlobalSection(SolutionProperties) = preSolution
		HideSolutionNode = FALSE
	EndGlobalSection
EndGlobal
